devDependencies:
  mustache: 4.0.1
  svelte: 3.24.1
  svg-to-pdfkit: 0.1.8
lockfileVersion: 5.1
packages:
  /acorn-node/1.8.2:
    dependencies:
      acorn: 7.4.0
      acorn-walk: 7.2.0
      xtend: 4.0.2
    dev: true
    resolution:
      integrity: sha512-8mt+fslDufLYntIoPAaIMUe/lrbrehIiwmR3t2k9LljIzoigEPF27eLk2hy8zSGzmR/ogr7zbRKINMo1u0yh5A==
  /acorn-walk/7.2.0:
    dev: true
    engines:
      node: '>=0.4.0'
    resolution:
      integrity: sha512-OPdCF6GsMIP+Az+aWfAAOEt2/+iVDKE7oy6lJ098aoe59oAmK76qV6Gw60SbZ8jHuG2wH058GF4pLFbYamYrVA==
  /acorn/7.4.0:
    dev: true
    engines:
      node: '>=0.4.0'
    hasBin: true
    resolution:
      integrity: sha512-+G7P8jJmCHr+S+cLfQxygbWhXy+8YTVGzAkpEbcLo2mLoL7tij/VG41QSHACSf5QgYRhMZYHuNc6drJaO0Da+w==
  /amdefine/1.0.1:
    dev: true
    engines:
      node: '>=0.4.2'
    optional: true
    resolution:
      integrity: sha1-SlKCrBZHKek2Gbz9OtFR+BfOkfU=
  /array-from/2.1.1:
    dev: true
    resolution:
      integrity: sha1-z+nYwmYoudxa7MYqn12PHzUsEZU=
  /ast-transform/0.0.0:
    dependencies:
      escodegen: 1.2.0
      esprima: 1.0.4
      through: 2.3.8
    dev: true
    resolution:
      integrity: sha1-dJRAWIh9goPhidlUYAlHvJj+AGI=
  /ast-types/0.7.8:
    dev: true
    engines:
      node: '>= 0.6'
    resolution:
      integrity: sha1-kC0uDWDQcb3NRtwRXhgJ7RHBOKk=
  /babel-runtime/6.26.0:
    dependencies:
      core-js: 2.6.11
      regenerator-runtime: 0.11.1
    dev: true
    resolution:
      integrity: sha1-llxwWGaOgrVde/4E/yM3vItWR/4=
  /base64-js/0.0.8:
    dev: true
    engines:
      node: '>= 0.4'
    resolution:
      integrity: sha1-EQHpVE9KdrG8OybUUsqW16NeeXg=
  /base64-js/1.3.1:
    dev: true
    resolution:
      integrity: sha512-mLQ4i2QO1ytvGWFWmcngKO//JXAQueZvwEKtjgQFM4jIK0kU+ytMfplL8j+n5mspOfjHwoAg+9yhb7BwAHm36g==
  /brfs/2.0.2:
    dependencies:
      quote-stream: 1.0.2
      resolve: 1.17.0
      static-module: 3.0.4
      through2: 2.0.5
    dev: true
    hasBin: true
    resolution:
      integrity: sha512-IrFjVtwu4eTJZyu8w/V2gxU7iLTtcHih67sgEdzrhjLBMHp2uYefUBfdM4k2UvcuWMgV7PQDZHSLeNWnLFKWVQ==
  /brotli/1.3.2:
    dependencies:
      base64-js: 1.3.1
    dev: true
    resolution:
      integrity: sha1-UlqcrU/LqWR119OI9q7LE+7VL0Y=
  /browser-resolve/1.11.3:
    dependencies:
      resolve: 1.1.7
    dev: true
    resolution:
      integrity: sha512-exDi1BYWB/6raKHmDTCicQfTkqwN5fioMFV4j8BsfMU4R2DK/QfZfK7kOVkmWCNANf0snkBzqGqAJBao9gZMdQ==
  /browserify-optional/1.0.1:
    dependencies:
      ast-transform: 0.0.0
      ast-types: 0.7.8
      browser-resolve: 1.11.3
    dev: true
    resolution:
      integrity: sha1-HhNyLP3g2F8SFnbCpyztUzoBiGk=
  /buffer-equal/0.0.1:
    dev: true
    engines:
      node: '>=0.4.0'
    resolution:
      integrity: sha1-kbx0sR6kBbyRa8aqkI+q+ltKrEs=
  /buffer-from/1.1.1:
    dev: true
    resolution:
      integrity: sha512-MQcXEUbCKtEo7bhqEs6560Hyd4XaovZlO/k9V3hjVUF/zwW7KBVdSK4gIt/bzwS9MbR5qob+F5jusZsb0YQK2A==
  /clone/1.0.4:
    dev: true
    engines:
      node: '>=0.8'
    resolution:
      integrity: sha1-2jCcwmPfFZlMaIypAheco8fNfH4=
  /concat-stream/1.6.2:
    dependencies:
      buffer-from: 1.1.1
      inherits: 2.0.4
      readable-stream: 2.3.7
      typedarray: 0.0.6
    dev: true
    engines:
      '0': node >= 0.8
    resolution:
      integrity: sha512-27HBghJxjiZtIk3Ycvn/4kbJk/1uZuJFfuPEns6LaEvpvG1f0hTea8lilrouyo9mVc2GWdcEZ8OLoGmSADlrCw==
  /convert-source-map/1.7.0:
    dependencies:
      safe-buffer: 5.1.2
    dev: true
    resolution:
      integrity: sha512-4FJkXzKXEDB1snCFZlLP4gpC3JILicCpGbzG9f9G7tGqGCzETQ2hWPrcinA9oU4wtf2biUaEH5065UnMeR33oA==
  /core-js/2.6.11:
    deprecated: 'core-js@<3 is no longer maintained and not recommended for usage due to the number of issues. Please, upgrade your dependencies to the actual version of core-js@3.'
    dev: true
    requiresBuild: true
    resolution:
      integrity: sha512-5wjnpaT/3dV+XB4borEsnAYQchn00XSgTAWKDkEqv+K8KevjbzmofK6hfJ9TZIlpj2N0xQpazy7PiRQiWHqzWg==
  /core-util-is/1.0.2:
    dev: true
    resolution:
      integrity: sha1-tf1UIgqivFq1eqtxQMlAdUUDwac=
  /crypto-js/3.3.0:
    dev: true
    resolution:
      integrity: sha512-DIT51nX0dCfKltpRiXV+/TVZq+Qq2NgF4644+K7Ttnla7zEzqc+kjJyiB96BHNyUTBxyjzRcZYpUdZa+QAqi6Q==
  /d/1.0.1:
    dependencies:
      es5-ext: 0.10.53
      type: 1.2.0
    dev: true
    resolution:
      integrity: sha512-m62ShEObQ39CfralilEQRjH6oAMtNCV1xJyEx5LpRYUVN+EviphDgUc/F3hnYbADmkiNs67Y+3ylmlG7Lnu+FA==
  /dash-ast/1.0.0:
    dev: true
    resolution:
      integrity: sha512-Vy4dx7gquTeMcQR/hDkYLGUnwVil6vk4FOOct+djUnHOUWt+zJPJAaRIXaAFkPXtJjvlY7o3rfRu0/3hpnwoUA==
  /deep-equal/1.1.1:
    dependencies:
      is-arguments: 1.0.4
      is-date-object: 1.0.2
      is-regex: 1.1.1
      object-is: 1.1.2
      object-keys: 1.1.1
      regexp.prototype.flags: 1.3.0
    dev: true
    resolution:
      integrity: sha512-yd9c5AdiqVcR+JjcwUQb9DkhJc8ngNr0MahEBGvDiJw8puWab2yZlh+nkasOnZP+EGTAP6rRp2JzJhJZzvNF8g==
  /deep-is/0.1.3:
    dev: true
    resolution:
      integrity: sha1-s2nW+128E+7PUk+RsHD+7cNXzzQ=
  /define-properties/1.1.3:
    dependencies:
      object-keys: 1.1.1
    dev: true
    engines:
      node: '>= 0.4'
    resolution:
      integrity: sha512-3MqfYKj2lLzdMSf8ZIZE/V+Zuy+BgD6f164e8K2w7dgnpKArBDerGYpM46IYYcjnkdPNMjPk9A6VFB8+3SKlXQ==
  /dfa/1.2.0:
    dev: true
    resolution:
      integrity: sha512-ED3jP8saaweFTjeGX8HQPjeC1YYyZs98jGNZx6IiBvxW7JG5v492kamAQB3m2wop07CvU/RQmzcKr6bgcC5D/Q==
  /duplexer2/0.1.4:
    dependencies:
      readable-stream: 2.3.7
    dev: true
    resolution:
      integrity: sha1-ixLauHjA1p4+eJEFFmKjL8a93ME=
  /es-abstract/1.17.6:
    dependencies:
      es-to-primitive: 1.2.1
      function-bind: 1.1.1
      has: 1.0.3
      has-symbols: 1.0.1
      is-callable: 1.2.0
      is-regex: 1.1.1
      object-inspect: 1.8.0
      object-keys: 1.1.1
      object.assign: 4.1.0
      string.prototype.trimend: 1.0.1
      string.prototype.trimstart: 1.0.1
    dev: true
    engines:
      node: '>= 0.4'
    resolution:
      integrity: sha512-Fr89bON3WFyUi5EvAeI48QTWX0AyekGgLA8H+c+7fbfCkJwRWRMLd8CQedNEyJuoYYhmtEqY92pgte1FAhBlhw==
  /es-to-primitive/1.2.1:
    dependencies:
      is-callable: 1.2.0
      is-date-object: 1.0.2
      is-symbol: 1.0.3
    dev: true
    engines:
      node: '>= 0.4'
    resolution:
      integrity: sha512-QCOllgZJtaUo9miYBcLChTUaHNjJF3PYs1VidD7AwiEj1kYxKeQTctLAezAOH5ZKRH0g2IgPn6KwB4IT8iRpvA==
  /es5-ext/0.10.53:
    dependencies:
      es6-iterator: 2.0.3
      es6-symbol: 3.1.3
      next-tick: 1.0.0
    dev: true
    resolution:
      integrity: sha512-Xs2Stw6NiNHWypzRTY1MtaG/uJlwCk8kH81920ma8mvN8Xq1gsfhZvpkImLQArw8AHnv8MT2I45J3c0R8slE+Q==
  /es6-iterator/2.0.3:
    dependencies:
      d: 1.0.1
      es5-ext: 0.10.53
      es6-symbol: 3.1.3
    dev: true
    resolution:
      integrity: sha1-p96IkUGgWpSwhUQDstCg+/qY87c=
  /es6-map/0.1.5:
    dependencies:
      d: 1.0.1
      es5-ext: 0.10.53
      es6-iterator: 2.0.3
      es6-set: 0.1.5
      es6-symbol: 3.1.3
      event-emitter: 0.3.5
    dev: true
    resolution:
      integrity: sha1-kTbgUD3MBqMBaQ8LsU/042TpSfA=
  /es6-set/0.1.5:
    dependencies:
      d: 1.0.1
      es5-ext: 0.10.53
      es6-iterator: 2.0.3
      es6-symbol: 3.1.1
      event-emitter: 0.3.5
    dev: true
    resolution:
      integrity: sha1-0rPsXU2ADO2BjbU40ol02wpzzLE=
  /es6-symbol/3.1.1:
    dependencies:
      d: 1.0.1
      es5-ext: 0.10.53
    dev: true
    resolution:
      integrity: sha1-vwDvT9q2uhtG7Le2KbTH7VcVzHc=
  /es6-symbol/3.1.3:
    dependencies:
      d: 1.0.1
      ext: 1.4.0
    dev: true
    resolution:
      integrity: sha512-NJ6Yn3FuDinBaBRWl/q5X/s4koRHBrgKAu+yGI6JCBeiu3qrcbJhwT2GeR/EXVfylRk8dpQVJoLEFhK+Mu31NA==
  /escodegen/1.14.3:
    dependencies:
      esprima: 4.0.1
      estraverse: 4.3.0
      esutils: 2.0.3
      optionator: 0.8.3
    dev: true
    engines:
      node: '>=4.0'
    hasBin: true
    optionalDependencies:
      source-map: 0.6.1
    resolution:
      integrity: sha512-qFcX0XJkdg+PB3xjZZG/wKSuT1PnQWx57+TVSjIMmILd2yC/6ByYElPwJnslDsuWuSAp4AwJGumarAAmJch5Kw==
  /escodegen/1.2.0:
    dependencies:
      esprima: 1.0.4
      estraverse: 1.5.1
      esutils: 1.0.0
    dev: true
    engines:
      node: '>=0.4.0'
    hasBin: true
    optionalDependencies:
      source-map: 0.1.43
    resolution:
      integrity: sha1-Cd55Z3kcyVi3+Jot220jRRrzJ+E=
  /esprima/1.0.4:
    dev: true
    engines:
      node: '>=0.4.0'
    hasBin: true
    resolution:
      integrity: sha1-n1V+CPw7TSbs6d00+Pv0drYlha0=
  /esprima/4.0.1:
    dev: true
    engines:
      node: '>=4'
    hasBin: true
    resolution:
      integrity: sha512-eGuFFw7Upda+g4p+QHvnW0RyTX/SVeJBDM/gCtMARO0cLuT2HcEKnTPvhjV6aGeqrCB/sbNop0Kszm0jsaWU4A==
  /estraverse/1.5.1:
    dev: true
    engines:
      node: '>=0.4.0'
    resolution:
      integrity: sha1-hno+jlip+EYYr7bC3bzZFrfLr3E=
  /estraverse/4.3.0:
    dev: true
    engines:
      node: '>=4.0'
    resolution:
      integrity: sha512-39nnKffWz8xN1BU/2c79n9nB9HDzo0niYUqx6xyqUnyoAnQyyWpOTdZEeiCch8BBu515t4wp9ZmgVfVhn9EBpw==
  /estree-is-function/1.0.0:
    dev: true
    resolution:
      integrity: sha512-nSCWn1jkSq2QAtkaVLJZY2ezwcFO161HVc174zL1KPW3RJ+O6C3eJb8Nx7OXzvhoEv+nLgSR1g71oWUHUDTrJA==
  /esutils/1.0.0:
    dev: true
    engines:
      node: '>=0.10.0'
    resolution:
      integrity: sha1-gVHTWOIMisx/t0XnRywAJf5JZXA=
  /esutils/2.0.3:
    dev: true
    engines:
      node: '>=0.10.0'
    resolution:
      integrity: sha512-kVscqXk4OCp68SZ0dkgEKVi6/8ij300KBWTJq32P/dYeWTSwK41WyTxalN1eRmA5Z9UU/LX9D7FWSmV9SAYx6g==
  /event-emitter/0.3.5:
    dependencies:
      d: 1.0.1
      es5-ext: 0.10.53
    dev: true
    resolution:
      integrity: sha1-34xp7vFkeSPHFXuc6DhAYQsCzDk=
  /ext/1.4.0:
    dependencies:
      type: 2.1.0
    dev: true
    resolution:
      integrity: sha512-Key5NIsUxdqKg3vIsdw9dSuXpPCQ297y6wBjL30edxwPgt2E44WcWBZey/ZvUc6sERLTxKdyCu4gZFmUbk1Q7A==
  /fast-levenshtein/2.0.6:
    dev: true
    resolution:
      integrity: sha1-PYpcZog6FqMMqGQ+hR8Zuqd5eRc=
  /fontkit/1.8.1:
    dependencies:
      babel-runtime: 6.26.0
      brfs: 2.0.2
      brotli: 1.3.2
      browserify-optional: 1.0.1
      clone: 1.0.4
      deep-equal: 1.1.1
      dfa: 1.2.0
      restructure: 0.5.4
      tiny-inflate: 1.0.3
      unicode-properties: 1.3.1
      unicode-trie: 0.3.1
    dev: true
    resolution:
      integrity: sha512-BsNCjDoYRxmNWFdAuK1y9bQt+igIxGtTC9u/jSFjR9MKhmI00rP1fwSvERt+5ddE82544l0XH5mzXozQVUy2Tw==
  /function-bind/1.1.1:
    dev: true
    resolution:
      integrity: sha512-yIovAzMX49sF8Yl58fSCWJ5svSLuaibPxXQJFLmBObTuCr0Mf1KiPopGM9NiFjiYBCbfaa2Fh6breQ6ANVTI0A==
  /get-assigned-identifiers/1.2.0:
    dev: true
    resolution:
      integrity: sha512-mBBwmeGTrxEMO4pMaaf/uUEFHnYtwr8FTe8Y/mer4rcV/bye0qGm6pw1bGZFGStxC5O76c5ZAVBGnqHmOaJpdQ==
  /has-symbols/1.0.1:
    dev: true
    engines:
      node: '>= 0.4'
    resolution:
      integrity: sha512-PLcsoqu++dmEIZB+6totNFKq/7Do+Z0u4oT0zKOJNl3lYK6vGwwu2hjHs+68OEZbTjiUE9bgOABXbP/GvrS0Kg==
  /has/1.0.3:
    dependencies:
      function-bind: 1.1.1
    dev: true
    engines:
      node: '>= 0.4.0'
    resolution:
      integrity: sha512-f2dvO0VU6Oej7RkWJGrehjbzMAjFp5/VKPp5tTpWIV4JHHZK1/BxbFRtf/siA2SWTe09caDmVtYYzWEIbBS4zw==
  /inherits/2.0.4:
    dev: true
    resolution:
      integrity: sha512-k/vGaX4/Yla3WzyMCvTQOXYeIHvqOKtnqBduzTHpzpQZzAskKMhZ2K+EnBiSM9zGSoIFeMpXKxa4dYeZIQqewQ==
  /is-arguments/1.0.4:
    dev: true
    engines:
      node: '>= 0.4'
    resolution:
      integrity: sha512-xPh0Rmt8NE65sNzvyUmWgI1tz3mKq74lGA0mL8LYZcoIzKOzDh6HmrYm3d18k60nHerC8A9Km8kYu87zfSFnLA==
  /is-callable/1.2.0:
    dev: true
    engines:
      node: '>= 0.4'
    resolution:
      integrity: sha512-pyVD9AaGLxtg6srb2Ng6ynWJqkHU9bEM087AKck0w8QwDarTfNcpIYoU8x8Hv2Icm8u6kFJM18Dag8lyqGkviw==
  /is-date-object/1.0.2:
    dev: true
    engines:
      node: '>= 0.4'
    resolution:
      integrity: sha512-USlDT524woQ08aoZFzh3/Z6ch9Y/EWXEHQ/AaRN0SkKq4t2Jw2R2339tSXmwuVoY7LLlBCbOIlx2myP/L5zk0g==
  /is-regex/1.1.1:
    dependencies:
      has-symbols: 1.0.1
    dev: true
    engines:
      node: '>= 0.4'
    resolution:
      integrity: sha512-1+QkEcxiLlB7VEyFtyBg94e08OAsvq7FUBgApTq/w2ymCLyKJgDPsybBENVtA7XCQEgEXxKPonG+mvYRxh/LIg==
  /is-symbol/1.0.3:
    dependencies:
      has-symbols: 1.0.1
    dev: true
    engines:
      node: '>= 0.4'
    resolution:
      integrity: sha512-OwijhaRSgqvhm/0ZdAcXNZt9lYdKFpcRDT5ULUuYXPoT794UNOdU+gpT6Rzo7b4V2HUl/op6GqY894AZwv9faQ==
  /isarray/1.0.0:
    dev: true
    resolution:
      integrity: sha1-u5NdSFgsuhaMBoNJV6VKPgcSTxE=
  /levn/0.3.0:
    dependencies:
      prelude-ls: 1.1.2
      type-check: 0.3.2
    dev: true
    engines:
      node: '>= 0.8.0'
    resolution:
      integrity: sha1-OwmSTt+fCDwEkP3UwLxEIeBHZO4=
  /linebreak/1.0.2:
    dependencies:
      base64-js: 0.0.8
      brfs: 2.0.2
      unicode-trie: 1.0.0
    dev: true
    resolution:
      integrity: sha512-bJwSRsJeAmaZYnkcwl5sCQNfSDAhBuXxb6L27tb+qkBRtUQSSTUa5bcgCPD6hFEkRNlpWHfK7nFMmcANU7ZP1w==
  /magic-string/0.25.1:
    dependencies:
      sourcemap-codec: 1.4.8
    dev: true
    resolution:
      integrity: sha512-sCuTz6pYom8Rlt4ISPFn6wuFodbKMIHUMv4Qko9P17dpxb7s52KJTmRuZZqHdGmLCK9AOcDare039nRIcfdkEg==
  /merge-source-map/1.0.4:
    dependencies:
      source-map: 0.5.7
    dev: true
    resolution:
      integrity: sha1-pd5GU42uhNQRTMXqArR3KmNGcB8=
  /minimist/1.2.5:
    dev: true
    resolution:
      integrity: sha512-FM9nNUYrRBAELZQT3xeZQ7fmMOBg6nWNmJKTcgsJeaLstP/UODVpGsr5OhXhhXg6f+qtJ8uiZ+PUxkDWcgIXLw==
  /mustache/4.0.1:
    dev: true
    engines:
      npm: '>=1.4.0'
    hasBin: true
    resolution:
      integrity: sha512-yL5VE97+OXn4+Er3THSmTdCFCtx5hHWzrolvH+JObZnUYwuaG7XV+Ch4fR2cIrcYI0tFHxS7iyFYl14bW8y2sA==
  /next-tick/1.0.0:
    dev: true
    resolution:
      integrity: sha1-yobR/ogoFpsBICCOPchCS524NCw=
  /object-inspect/1.8.0:
    dev: true
    resolution:
      integrity: sha512-jLdtEOB112fORuypAyl/50VRVIBIdVQOSUUGQHzJ4xBSbit81zRarz7GThkEFZy1RceYrWYcPcBFPQwHyAc1gA==
  /object-is/1.1.2:
    dependencies:
      define-properties: 1.1.3
      es-abstract: 1.17.6
    dev: true
    engines:
      node: '>= 0.4'
    resolution:
      integrity: sha512-5lHCz+0uufF6wZ7CRFWJN3hp8Jqblpgve06U5CMQ3f//6iDjPr2PEo9MWCjEssDsa+UZEL4PkFpr+BMop6aKzQ==
  /object-keys/1.1.1:
    dev: true
    engines:
      node: '>= 0.4'
    resolution:
      integrity: sha512-NuAESUOUMrlIXOfHKzD6bpPu3tYt3xvjNdRIQ+FeT0lNb4K8WR70CaDxhuNguS2XG+GjkyMwOzsN5ZktImfhLA==
  /object.assign/4.1.0:
    dependencies:
      define-properties: 1.1.3
      function-bind: 1.1.1
      has-symbols: 1.0.1
      object-keys: 1.1.1
    dev: true
    engines:
      node: '>= 0.4'
    resolution:
      integrity: sha512-exHJeq6kBKj58mqGyTQ9DFvrZC/eR6OwxzoM9YRoGBqrXYonaFyGiFMuc9VZrXf7DarreEwMpurG3dd+CNyW5w==
  /optionator/0.8.3:
    dependencies:
      deep-is: 0.1.3
      fast-levenshtein: 2.0.6
      levn: 0.3.0
      prelude-ls: 1.1.2
      type-check: 0.3.2
      word-wrap: 1.2.3
    dev: true
    engines:
      node: '>= 0.8.0'
    resolution:
      integrity: sha512-+IW9pACdk3XWmmTXG8m3upGUJst5XRGzxMRjXzAuJ1XnIFNvfhjjIuYkDvysnPQ7qzqVzLt78BCruntqRhWQbA==
  /pako/0.2.9:
    dev: true
    resolution:
      integrity: sha1-8/dSL073gjSNqBYbrZ7P1Rv4OnU=
  /path-parse/1.0.6:
    dev: true
    resolution:
      integrity: sha512-GSmOT2EbHrINBf9SR7CDELwlJ8AENk3Qn7OikK4nFYAu3Ote2+JYNVvkpAEQm3/TLNEJFD/xZJjzyxg3KBWOzw==
  /pdfkit/0.11.0:
    dependencies:
      crypto-js: 3.3.0
      fontkit: 1.8.1
      linebreak: 1.0.2
      png-js: 1.0.0
    dev: true
    resolution:
      integrity: sha512-1s9gaumXkYxcVF1iRtSmLiISF2r4nHtsTgpwXiK8Swe+xwk/1pm8FJjYqN7L3x13NsWnGyUFntWcO8vfqq+wwA==
  /png-js/1.0.0:
    dev: true
    resolution:
      integrity: sha512-k+YsbhpA9e+EFfKjTCH3VW6aoKlyNYI6NYdTfDL4CIvFnvsuO84ttonmZE7rc+v23SLTH8XX+5w/Ak9v0xGY4g==
  /prelude-ls/1.1.2:
    dev: true
    engines:
      node: '>= 0.8.0'
    resolution:
      integrity: sha1-IZMqVJ9eUv/ZqCf1cOBL5iqX2lQ=
  /process-nextick-args/2.0.1:
    dev: true
    resolution:
      integrity: sha512-3ouUOpQhtgrbOa17J7+uxOTpITYWaGP7/AhoR3+A+/1e9skrzelGi/dXzEYyvbxubEF6Wn2ypscTKiKJFFn1ag==
  /quote-stream/1.0.2:
    dependencies:
      buffer-equal: 0.0.1
      minimist: 1.2.5
      through2: 2.0.5
    dev: true
    hasBin: true
    resolution:
      integrity: sha1-hJY/jJwmuULhU/7rU6rnRlK34LI=
  /readable-stream/2.3.7:
    dependencies:
      core-util-is: 1.0.2
      inherits: 2.0.4
      isarray: 1.0.0
      process-nextick-args: 2.0.1
      safe-buffer: 5.1.2
      string_decoder: 1.1.1
      util-deprecate: 1.0.2
    dev: true
    resolution:
      integrity: sha512-Ebho8K4jIbHAxnuxi7o42OrZgF/ZTNcsZj6nRKyUmkhLFq8CHItp/fy6hQZuZmP/n3yZ9VBUbp4zz/mX8hmYPw==
  /regenerator-runtime/0.11.1:
    dev: true
    resolution:
      integrity: sha512-MguG95oij0fC3QV3URf4V2SDYGJhJnJGqvIIgdECeODCT98wSWDAJ94SSuVpYQUoTcGUIL6L4yNB7j1DFFHSBg==
  /regexp.prototype.flags/1.3.0:
    dependencies:
      define-properties: 1.1.3
      es-abstract: 1.17.6
    dev: true
    engines:
      node: '>= 0.4'
    resolution:
      integrity: sha512-2+Q0C5g951OlYlJz6yu5/M33IcsESLlLfsyIaLJaG4FA2r4yP8MvVMJUUP/fVBkSpbbbZlS5gynbEWLipiiXiQ==
  /resolve/1.1.7:
    dev: true
    resolution:
      integrity: sha1-IDEU2CrSxe2ejgQRs5ModeiJ6Xs=
  /resolve/1.17.0:
    dependencies:
      path-parse: 1.0.6
    dev: true
    resolution:
      integrity: sha512-ic+7JYiV8Vi2yzQGFWOkiZD5Z9z7O2Zhm9XMaTxdJExKasieFCr+yXZ/WmXsckHiKl12ar0y6XiXDx3m4RHn1w==
  /restructure/0.5.4:
    dependencies:
      browserify-optional: 1.0.1
    dev: true
    resolution:
      integrity: sha1-9U591WNZD7NP1r9Vh2EJrsyyjeg=
  /safe-buffer/5.1.2:
    dev: true
    resolution:
      integrity: sha512-Gd2UZBJDkXlY7GbJxfsE8/nvKkUEU1G38c1siN6QP6a9PT9MmHB8GnpscSmMJSoF8LOIrt8ud/wPtojys4G6+g==
  /scope-analyzer/2.1.1:
    dependencies:
      array-from: 2.1.1
      dash-ast: 1.0.0
      es6-map: 0.1.5
      es6-set: 0.1.5
      es6-symbol: 3.1.3
      estree-is-function: 1.0.0
      get-assigned-identifiers: 1.2.0
    dev: true
    resolution:
      integrity: sha512-azEAihtQ9mEyZGhfgTJy3IbOWEzeOrYbg7NcYEshPKnKd+LZmC3TNd5dmDxbLBsTG/JVWmCp+vDJ03vJjeXMHg==
  /shallow-copy/0.0.1:
    dev: true
    resolution:
      integrity: sha1-QV9CcC1z2BAzApLMXuhurhoRoXA=
  /source-map/0.1.43:
    dependencies:
      amdefine: 1.0.1
    dev: true
    engines:
      node: '>=0.8.0'
    optional: true
    resolution:
      integrity: sha1-wkvBRspRfBRx9drL4lcbK3+eM0Y=
  /source-map/0.5.7:
    dev: true
    engines:
      node: '>=0.10.0'
    resolution:
      integrity: sha1-igOdLRAh0i0eoUyA2OpGi6LvP8w=
  /source-map/0.6.1:
    dev: true
    engines:
      node: '>=0.10.0'
    optional: true
    resolution:
      integrity: sha512-UjgapumWlbMhkBgzT7Ykc5YXUT46F0iKu8SGXq0bcwP5dz/h0Plj6enJqjz1Zbq2l5WaqYnrVbwWOWMyF3F47g==
  /sourcemap-codec/1.4.8:
    dev: true
    resolution:
      integrity: sha512-9NykojV5Uih4lgo5So5dtw+f0JgJX30KCNI8gwhz2J9A15wD0Ml6tjHKwf6fTSa6fAdVBdZeNOs9eJ71qCk8vA==
  /static-eval/2.1.0:
    dependencies:
      escodegen: 1.14.3
    dev: true
    resolution:
      integrity: sha512-agtxZ/kWSsCkI5E4QifRwsaPs0P0JmZV6dkLz6ILYfFYQGn+5plctanRN+IC8dJRiFkyXHrwEE3W9Wmx67uDbw==
  /static-module/3.0.4:
    dependencies:
      acorn-node: 1.8.2
      concat-stream: 1.6.2
      convert-source-map: 1.7.0
      duplexer2: 0.1.4
      escodegen: 1.14.3
      has: 1.0.3
      magic-string: 0.25.1
      merge-source-map: 1.0.4
      object-inspect: 1.8.0
      readable-stream: 2.3.7
      scope-analyzer: 2.1.1
      shallow-copy: 0.0.1
      static-eval: 2.1.0
      through2: 2.0.5
    dev: true
    resolution:
      integrity: sha512-gb0v0rrgpBkifXCa3yZXxqVmXDVE+ETXj6YlC/jt5VzOnGXR2C15+++eXuMDUYsePnbhf+lwW0pE1UXyOLtGCw==
  /string.prototype.trimend/1.0.1:
    dependencies:
      define-properties: 1.1.3
      es-abstract: 1.17.6
    dev: true
    resolution:
      integrity: sha512-LRPxFUaTtpqYsTeNKaFOw3R4bxIzWOnbQ837QfBylo8jIxtcbK/A/sMV7Q+OAV/vWo+7s25pOE10KYSjaSO06g==
  /string.prototype.trimstart/1.0.1:
    dependencies:
      define-properties: 1.1.3
      es-abstract: 1.17.6
    dev: true
    resolution:
      integrity: sha512-XxZn+QpvrBI1FOcg6dIpxUPgWCPuNXvMD72aaRaUQv1eD4e/Qy8i/hFTe0BUmD60p/QA6bh1avmuPTfNjqVWRw==
  /string_decoder/1.1.1:
    dependencies:
      safe-buffer: 5.1.2
    dev: true
    resolution:
      integrity: sha512-n/ShnvDi6FHbbVfviro+WojiFzv+s8MPMHBczVePfUpDJLwoLT0ht1l4YwBCbi8pJAveEEdnkHyPyTP/mzRfwg==
  /svelte/3.24.1:
    dev: true
    engines:
      node: '>= 8'
    resolution:
      integrity: sha512-OX/IBVUJSFo1rnznXdwf9rv6LReJ3qQ0PwRjj76vfUWyTfbHbR9OXqJBnUrpjyis2dwYcbT2Zm1DFjOOF1ZbbQ==
  /svg-to-pdfkit/0.1.8:
    dependencies:
      pdfkit: 0.11.0
    dev: true
    resolution:
      integrity: sha512-QItiGZBy5TstGy+q8mjQTMGRlDDOARXLxH+sgVm1n/LYeo0zFcQlcCh8m4zi8QxctrxB9Kue/lStc/RD5iLadQ==
  /through/2.3.8:
    dev: true
    resolution:
      integrity: sha1-DdTJ/6q8NXlgsbckEV1+Doai4fU=
  /through2/2.0.5:
    dependencies:
      readable-stream: 2.3.7
      xtend: 4.0.2
    dev: true
    resolution:
      integrity: sha512-/mrRod8xqpA+IHSLyGCQ2s8SPHiCDEeQJSep1jqLYeEUClOFG2Qsh+4FU6G9VeqpZnGW/Su8LQGc4YKni5rYSQ==
  /tiny-inflate/1.0.3:
    dev: true
    resolution:
      integrity: sha512-pkY1fj1cKHb2seWDy0B16HeWyczlJA9/WW3u3c4z/NiWDsO3DOU5D7nhTLE9CF0yXv/QZFY7sEJmj24dK+Rrqw==
  /type-check/0.3.2:
    dependencies:
      prelude-ls: 1.1.2
    dev: true
    engines:
      node: '>= 0.8.0'
    resolution:
      integrity: sha1-WITKtRLPHTVeP7eE8wgEsrUg23I=
  /type/1.2.0:
    dev: true
    resolution:
      integrity: sha512-+5nt5AAniqsCnu2cEQQdpzCAh33kVx8n0VoFidKpB1dVVLAN/F+bgVOqOJqOnEnrhp222clB5p3vUlD+1QAnfg==
  /type/2.1.0:
    dev: true
    resolution:
      integrity: sha512-G9absDWvhAWCV2gmF1zKud3OyC61nZDwWvBL2DApaVFogI07CprggiQAOOjvp2NRjYWFzPyu7vwtDrQFq8jeSA==
  /typedarray/0.0.6:
    dev: true
    resolution:
      integrity: sha1-hnrHTjhkGHsdPUfZlqeOxciDB3c=
  /unicode-properties/1.3.1:
    dependencies:
      base64-js: 1.3.1
      unicode-trie: 2.0.0
    dev: true
    resolution:
      integrity: sha512-nIV3Tf3LcUEZttY/2g4ZJtGXhWwSkuLL+rCu0DIAMbjyVPj+8j5gNVz4T/sVbnQybIsd5SFGkPKg/756OY6jlA==
  /unicode-trie/0.3.1:
    dependencies:
      pako: 0.2.9
      tiny-inflate: 1.0.3
    dev: true
    resolution:
      integrity: sha1-1nHd3YkQGgi6w3tqUWEBBgIFIIU=
  /unicode-trie/1.0.0:
    dependencies:
      pako: 0.2.9
      tiny-inflate: 1.0.3
    dev: true
    resolution:
      integrity: sha512-v5raLKsobbFbWLMoX9+bChts/VhPPj3XpkNr/HbqkirXR1DPk8eo9IYKyvk0MQZFkaoRsFj2Rmaqgi2rfAZYtA==
  /unicode-trie/2.0.0:
    dependencies:
      pako: 0.2.9
      tiny-inflate: 1.0.3
    dev: true
    resolution:
      integrity: sha512-x7bc76x0bm4prf1VLg79uhAzKw8DVboClSN5VxJuQ+LKDOVEW9CdH+VY7SP+vX7xCYQqzzgQpFqz15zeLvAtZQ==
  /util-deprecate/1.0.2:
    dev: true
    resolution:
      integrity: sha1-RQ1Nyfpw3nMnYvvS1KKJgUGaDM8=
  /word-wrap/1.2.3:
    dev: true
    engines:
      node: '>=0.10.0'
    resolution:
      integrity: sha512-Hz/mrNwitNRh/HUAtM/VT/5VH+ygD6DV7mYKZAtHOrbs8U7lvPS6xf7EJKMF0uW1KJCl0H701g3ZGus+muE5vQ==
  /xtend/4.0.2:
    dev: true
    engines:
      node: '>=0.4'
    resolution:
      integrity: sha512-LKYU1iAXJXUgAXn9URjiu+MWhyUXHsvfp7mcuYm9dSUKK0/CjtrUwFAxD82/mCWbtLsGjFIad0wIsod4zrTAEQ==
specifiers:
  mustache: ^4.0.1
  svelte: ^3.24.1
  svg-to-pdfkit: ^0.1.8
